
Microsoft Visual Studio Solution File, Format Version 12.00
# Visual Studio Version 17
VisualStudioVersion = 17.11.35222.181
MinimumVisualStudioVersion = 10.0.40219.1
Project("{9A19103F-16F7-4668-BE54-9A1E7A4F7556}") = "SUT23LibraryProj", "SUT23LibraryProj\SUT23LibraryProj.csproj", "{BF2B0E29-41CE-4F97-9C6B-3659812A7981}"
EndProject
Project("{9A19103F-16F7-4668-BE54-9A1E7A4F7556}") = "WebLibrary", "WebLibrary\WebLibrary.csproj", "{29EE2255-23F4-4B8F-9A89-437C5E16C32A}"
EndProject
Global
	GlobalSection(SolutionConfigurationPlatforms) = preSolution
		Debug|Any CPU = Debug|Any CPU
		Release|Any CPU = Release|Any CPU
	EndGlobalSection
	GlobalSection(ProjectConfigurationPlatforms) = postSolution
		{BF2B0E29-41CE-4F97-9C6B-3659812A7981}.Debug|Any CPU.ActiveCfg = Debug|Any CPU
		{BF2B0E29-41CE-4F97-9C6B-3659812A7981}.Debug|Any CPU.Build.0 = Debug|Any CPU
		{BF2B0E29-41CE-4F97-9C6B-3659812A7981}.Release|Any CPU.ActiveCfg = Release|Any CPU
		{BF2B0E29-41CE-4F97-9C6B-3659812A7981}.Release|Any CPU.Build.0 = Release|Any CPU
		{29EE2255-23F4-4B8F-9A89-437C5E16C32A}.Debug|Any CPU.ActiveCfg = Debug|Any CPU
		{29EE2255-23F4-4B8F-9A89-437C5E16C32A}.Debug|Any CPU.Build.0 = Debug|Any CPU
		{29EE2255-23F4-4B8F-9A89-437C5E16C32A}.Release|Any CPU.ActiveCfg = Release|Any CPU
		{29EE2255-23F4-4B8F-9A89-437C5E16C32A}.Release|Any CPU.Build.0 = Release|Any CPU
	EndGlobalSection
	GlobalSection(SolutionProperties) = preSolution
		HideSolutionNode = FALSE
	EndGlobalSection
	GlobalSection(ExtensibilityGlobals) = postSolution
		SolutionGuid = {1DC186CB-FCA9-47E4-87D2-C1CABE859258}
	EndGlobalSection
EndGlobal
